// !$*UTF8*$!
{
	archiveVersion = 1;
	classes = {
	};
	objectVersion = 56;
	objects = {

/* Begin PBXBuildFile section */
		B0100000000000000000001 /* EditVerseApp.swift in Sources */ = {isa = PBXBuildFile; fileRef = F0100000000000000000001 /* EditVerseApp.swift */; };
		B0200000000000000000001 /* EditPost.swift in Sources */ = {isa = PBXBuildFile; fileRef = F0200000000000000000001 /* EditPost.swift */; };
		B0300000000000000000001 /* EditVerseTheme.swift in Sources */ = {isa = PBXBuildFile; fileRef = F0300000000000000000001 /* EditVerseTheme.swift */; };
		B0400000000000000000001 /* FeedStore.swift in Sources */ = {isa = PBXBuildFile; fileRef = F0400000000000000000001 /* FeedStore.swift */; };
		B0500000000000000000001 /* MainTabView.swift in Sources */ = {isa = PBXBuildFile; fileRef = F0500000000000000000001 /* MainTabView.swift */; };
		B0600000000000000000001 /* FeedView.swift in Sources */ = {isa = PBXBuildFile; fileRef = F0600000000000000000001 /* FeedView.swift */; };
		B0700000000000000000001 /* EditCardView.swift in Sources */ = {isa = PBXBuildFile; fileRef = F0700000000000000000001 /* EditCardView.swift */; };
		B0800000000000000000001 /* LoopingPlayerView.swift in Sources */ = {isa = PBXBuildFile; fileRef = F0800000000000000000001 /* LoopingPlayerView.swift */; };
		B0900000000000000000001 /* DiscoverView.swift in Sources */ = {isa = PBXBuildFile; fileRef = F0900000000000000000001 /* DiscoverView.swift */; };
		B1000000000000000000001 /* ProfileView.swift in Sources */ = {isa = PBXBuildFile; fileRef = F1000000000000000000001 /* ProfileView.swift */; };
		BA0000000000000000000001 /* Assets.xcassets in Resources */ = {isa = PBXBuildFile; fileRef = FA0000000000000000000001 /* Assets.xcassets */; };
/* End PBXBuildFile section */

/* Begin PBXFileReference section */
		F0100000000000000000001 /* EditVerseApp.swift */ = {isa = PBXFileReference; lastKnownFileType = sourcecode.swift; path = EditVerseApp.swift; sourceTree = "<group>"; };
		F0200000000000000000001 /* EditPost.swift */ = {isa = PBXFileReference; lastKnownFileType = sourcecode.swift; path = EditPost.swift; sourceTree = "<group>"; };
		F0300000000000000000001 /* EditVerseTheme.swift */ = {isa = PBXFileReference; lastKnownFileType = sourcecode.swift; path = EditVerseTheme.swift; sourceTree = "<group>"; };
		F0400000000000000000001 /* FeedStore.swift */ = {isa = PBXFileReference; lastKnownFileType = sourcecode.swift; path = FeedStore.swift; sourceTree = "<group>"; };
		F0500000000000000000001 /* MainTabView.swift */ = {isa = PBXFileReference; lastKnownFileType = sourcecode.swift; path = MainTabView.swift; sourceTree = "<group>"; };
		F0600000000000000000001 /* FeedView.swift */ = {isa = PBXFileReference; lastKnownFileType = sourcecode.swift; path = FeedView.swift; sourceTree = "<group>"; };
		F0700000000000000000001 /* EditCardView.swift */ = {isa = PBXFileReference; lastKnownFileType = sourcecode.swift; path = EditCardView.swift; sourceTree = "<group>"; };
		F0800000000000000000001 /* LoopingPlayerView.swift */ = {isa = PBXFileReference; lastKnownFileType = sourcecode.swift; path = LoopingPlayerView.swift; sourceTree = "<group>"; };
		F0900000000000000000001 /* DiscoverView.swift */ = {isa = PBXFileReference; lastKnownFileType = sourcecode.swift; path = DiscoverView.swift; sourceTree = "<group>"; };
		F1000000000000000000001 /* ProfileView.swift */ = {isa = PBXFileReference; lastKnownFileType = sourcecode.swift; path = ProfileView.swift; sourceTree = "<group>"; };
		FA0000000000000000000001 /* Assets.xcassets */ = {isa = PBXFileReference; lastKnownFileType = folder.assetcatalog; path = Assets.xcassets; sourceTree = "<group>"; };
		FI0000000000000000000001 /* Info.plist */ = {isa = PBXFileReference; lastKnownFileType = text.plist.xml; path = Info.plist; sourceTree = "<group>"; };
		FP0000000000000000000001 /* EditVerse.app */ = {isa = PBXFileReference; explicitFileType = wrapper.application; includeInIndex = 0; path = EditVerse.app; sourceTree = BUILT_PRODUCTS_DIR; };
/* End PBXFileReference section */

/* Begin PBXFrameworksBuildPhase section */
		FF0000000000000000000001 /* Frameworks */ = {
			isa = PBXFrameworksBuildPhase;
			buildActionMask = 2147483647;
			files = (
			);
			runOnlyForDeploymentPostprocessing = 0;
		};
/* End PBXFrameworksBuildPhase section */

/* Begin PBXGroup section */
		G00000000000000000000001 = {
			isa = PBXGroup;
			children = (
				G00000000000000000000002 /* EditVerse */,
				G00000000000000000000003 /* Products */,
			);
			sourceTree = "<group>";
		};
		G00000000000000000000002 /* EditVerse */ = {
			isa = PBXGroup;
			children = (
				F0100000000000000000001 /* EditVerseApp.swift */,
				G00000000000000000000004 /* Models */,
				G00000000000000000000005 /* Views */,
				G00000000000000000000006 /* Services */,
				G00000000000000000000007 /* Theme */,
				FA0000000000000000000001 /* Assets.xcassets */,
				FI0000000000000000000001 /* Info.plist */,
			);
			path = EditVerse;
			sourceTree = "<group>";
		};
		G00000000000000000000003 /* Products */ = {
			isa = PBXGroup;
			children = (
				FP0000000000000000000001 /* EditVerse.app */,
			);
			name = Products;
			sourceTree = "<group>";
		};
		G00000000000000000000004 /* Models */ = {
			isa = PBXGroup;
			children = (
				F0200000000000000000001 /* EditPost.swift */,
			);
			path = Models;
			sourceTree = "<group>";
		};
		G00000000000000000000005 /* Views */ = {
			isa = PBXGroup;
			children = (
				F0500000000000000000001 /* MainTabView.swift */,
				F0600000000000000000001 /* FeedView.swift */,
				F0700000000000000000001 /* EditCardView.swift */,
				F0800000000000000000001 /* LoopingPlayerView.swift */,
				F0900000000000000000001 /* DiscoverView.swift */,
				F1000000000000000000001 /* ProfileView.swift */,
			);
			path = Views;
			sourceTree = "<group>";
		};
		G00000000000000000000006 /* Services */ = {
			isa = PBXGroup;
			children = (
				F0400000000000000000001 /* FeedStore.swift */,
			);
			path = Services;
			sourceTree = "<group>";
		};
		G00000000000000000000007 /* Theme */ = {
			isa = PBXGroup;
			children = (
				F0300000000000000000001 /* EditVerseTheme.swift */,
			);
			path = Theme;
			sourceTree = "<group>";
		};
/* End PBXGroup section */

/* Begin PBXNativeTarget section */
		T00000000000000000000001 /* EditVerse */ = {
			isa = PBXNativeTarget;
			buildConfigurationList = C00000000000000000000003 /* Build configuration list for PBXNativeTarget "EditVerse" */;
			buildPhases = (
				P00000000000000000000001 /* Sources */,
				FF0000000000000000000001 /* Frameworks */,
				P00000000000000000000002 /* Resources */,
			);
			buildRules = (
			);
			dependencies = (
			);
			name = EditVerse;
			productName = EditVerse;
			productReference = FP0000000000000000000001 /* EditVerse.app */;
			productType = "com.apple.product-type.application";
		};
/* End PBXNativeTarget section */

/* Begin PBXProject section */
		P00000000000000000000000 /* Project object */ = {
			isa = PBXProject;
			attributes = {
				BuildIndependentTargetsInParallel = 1;
				LastSwiftUpdateCheck = 1500;
				LastUpgradeCheck = 1500;
				TargetAttributes = {
					T00000000000000000000001 = {
						CreatedOnToolsVersion = 15.0;
					};
				};
			};
			buildConfigurationList = C00000000000000000000001 /* Build configuration list for PBXProject "EditVerse" */;
			compatibilityVersion = "Xcode 14.0";
			developmentRegion = en;
			hasScannedForEncodings = 0;
			knownRegions = (
				en,
				Base,
			);
			mainGroup = G00000000000000000000001;
			productRefGroup = G00000000000000000000003 /* Products */;
			projectDirPath = "";
			projectRoot = "";
			targets = (
				T00000000000000000000001 /* EditVerse */,
			);
		};
/* End PBXProject section */

/* Begin PBXResourcesBuildPhase section */
		P00000000000000000000002 /* Resources */ = {
			isa = PBXResourcesBuildPhase;
			buildActionMask = 2147483647;
			files = (
				BA0000000000000000000001 /* Assets.xcassets in Resources */,
			);
			runOnlyForDeploymentPostprocessing = 0;
		};
/* End PBXResourcesBuildPhase section */

/* Begin PBXSourcesBuildPhase section */
		P00000000000000000000001 /* Sources */ = {
			isa = PBXSourcesBuildPhase;
			buildActionMask = 2147483647;
			files = (
				B0100000000000000000001 /* EditVerseApp.swift in Sources */,
				B0200000000000000000001 /* EditPost.swift in Sources */,
				B0300000000000000000001 /* EditVerseTheme.swift in Sources */,
				B0400000000000000000001 /* FeedStore.swift in Sources */,
				B0500000000000000000001 /* MainTabView.swift in Sources */,
				B0600000000000000000001 /* FeedView.swift in Sources */,
				B0700000000000000000001 /* EditCardView.swift in Sources */,
				B0800000000000000000001 /* LoopingPlayerView.swift in Sources */,
				B0900000000000000000001 /* DiscoverView.swift in Sources */,
				B1000000000000000000001 /* ProfileView.swift in Sources */,
			);
			runOnlyForDeploymentPostprocessing = 0;
		};
/* End PBXSourcesBuildPhase section */

/* Begin XCBuildConfiguration section */
		CFG000000000000000000001 /* Debug */ = {
			isa = XCBuildConfiguration;
			buildSettings = {
				ALWAYS_SEARCH_USER_PATHS = NO;
				CLANG_ENABLE_MODULES = YES;
				CLANG_ENABLE_OBJC_ARC = YES;
				COPY_PHASE_STRIP = NO;
				DEBUG_INFORMATION_FORMAT = dwarf;
				ENABLE_TESTABILITY = YES;
				GCC_DYNAMIC_NO_PIC = NO;
				GCC_OPTIMIZATION_LEVEL = 0;
				IPHONEOS_DEPLOYMENT_TARGET = 17.0;
				ONLY_ACTIVE_ARCH = YES;
				SDKROOT = iphoneos;
				SWIFT_ACTIVE_COMPILATION_CONDITIONS = DEBUG;
				SWIFT_OPTIMIZATION_LEVEL = "-Onone";
			};
			name = Debug;
		};
		CFG000000000000000000002 /* Release */ = {
			isa = XCBuildConfiguration;
			buildSettings = {
				ALWAYS_SEARCH_USER_PATHS = NO;
				CLANG_ENABLE_MODULES = YES;
				CLANG_ENABLE_OBJC_ARC = YES;
				COPY_PHASE_STRIP = NO;
				DEBUG_INFORMATION_FORMAT = "dwarf-with-dsym";
				IPHONEOS_DEPLOYMENT_TARGET = 17.0;
				SDKROOT = iphoneos;
				SWIFT_COMPILATION_MODE = wholemodule;
				VALIDATE_PRODUCT = YES;
			};
			name = Release;
		};
		CFG000000000000000000003 /* Debug */ = {
			isa = XCBuildConfiguration;
			buildSettings = {
				ASSETCATALOG_COMPILER_APPICON_NAME = AppIcon;
				ASSETCATALOG_COMPILER_GLOBAL_ACCENT_COLOR_NAME = AccentColor;
				CODE_SIGN_STYLE = Automatic;
				CURRENT_PROJECT_VERSION = 1;
				DEVELOPMENT_TEAM = "";
				GENERATE_INFOPLIST_FILE = NO;
				INFOPLIST_FILE = EditVerse/Info.plist;
				LD_RUNPATH_SEARCH_PATHS = (
					"$(inherited)",
					"@executable_path/Frameworks",
				);
				MARKETING_VERSION = 1.0.0;
				PRODUCT_BUNDLE_IDENTIFIER = com.editverse.app;
				PRODUCT_NAME = "$(TARGET_NAME)";
				SUPPORTED_PLATFORMS = "iphoneos iphonesimulator";
				SWIFT_VERSION = 5.0;
				TARGETED_DEVICE_FAMILY = "1,2";
			};
			name = Debug;
		};
		CFG000000000000000000004 /* Release */ = {
			isa = XCBuildConfiguration;
			buildSettings = {
				ASSETCATALOG_COMPILER_APPICON_NAME = AppIcon;
				ASSETCATALOG_COMPILER_GLOBAL_ACCENT_COLOR_NAME = AccentColor;
				CODE_SIGN_STYLE = Automatic;
				CURRENT_PROJECT_VERSION = 1;
				DEVELOPMENT_TEAM = "";
				GENERATE_INFOPLIST_FILE = NO;
				INFOPLIST_FILE = EditVerse/Info.plist;
				LD_RUNPATH_SEARCH_PATHS = (
					"$(inherited)",
					"@executable_path/Frameworks",
				);
				MARKETING_VERSION = 1.0.0;
				PRODUCT_BUNDLE_IDENTIFIER = com.editverse.app;
				PRODUCT_NAME = "$(TARGET_NAME)";
				SUPPORTED_PLATFORMS = "iphoneos iphonesimulator";
				SWIFT_VERSION = 5.0;
				TARGETED_DEVICE_FAMILY = "1,2";
			};
			name = Release;
		};
/* End XCBuildConfiguration section */

/* Begin XCConfigurationList section */
		C00000000000000000000001 /* Build configuration list for PBXProject "EditVerse" */ = {
			isa = XCConfigurationList;
			buildConfigurations = (
				CFG000000000000000000001 /* Debug */,
				CFG000000000000000000002 /* Release */,
			);
			defaultConfigurationIsVisible = 0;
			defaultConfigurationName = Release;
		};
		C00000000000000000000003 /* Build configuration list for PBXNativeTarget "EditVerse" */ = {
			isa = XCConfigurationList;
			buildConfigurations = (
				CFG000000000000000000003 /* Debug */,
				CFG000000000000000000004 /* Release */,
			);
			defaultConfigurationIsVisible = 0;
			defaultConfigurationName = Release;
		};
/* End XCConfigurationList section */
	};
	rootObject = P00000000000000000000000 /* Project object */;
}
